[[package]]
name = "aiofiles"
version = "22.1.0"
requires_python = ">=3.7,<4.0"
summary = "File support for asyncio."

[[package]]
name = "black"
version = "22.8.0"
requires_python = ">=3.6.2"
summary = "The uncompromising code formatter."
dependencies = [
    "click>=8.0.0",
    "mypy-extensions>=0.4.3",
    "pathspec>=0.9.0",
    "platformdirs>=2",
    "tomli>=1.1.0; python_full_version < \"3.11.0a7\"",
]

[[package]]
name = "blinker"
version = "1.5"
requires_python = ">=2.7, !=3.0.*, !=3.1.*, !=3.2.*, !=3.3.*, !=3.4.*"
summary = "Fast, simple object-to-object and broadcast signaling"

[[package]]
name = "click"
version = "8.1.3"
requires_python = ">=3.7"
summary = "Composable command line interface toolkit"
dependencies = [
    "colorama; platform_system == \"Windows\"",
]

[[package]]
name = "colorama"
version = "0.4.5"
requires_python = ">=2.7, !=3.0.*, !=3.1.*, !=3.2.*, !=3.3.*, !=3.4.*"
summary = "Cross-platform colored terminal text."

[[package]]
name = "dnspython"
version = "2.2.1"
requires_python = ">=3.6,<4.0"
summary = "DNS toolkit"

[[package]]
name = "h11"
version = "0.13.0"
requires_python = ">=3.6"
summary = "A pure-Python, bring-your-own-I/O implementation of HTTP/1.1"

[[package]]
name = "h2"
version = "4.1.0"
requires_python = ">=3.6.1"
summary = "HTTP/2 State-Machine based protocol implementation"
dependencies = [
    "hpack<5,>=4.0",
    "hyperframe<7,>=6.0",
]

[[package]]
name = "hpack"
version = "4.0.0"
requires_python = ">=3.6.1"
summary = "Pure-Python HPACK header compression"

[[package]]
name = "hypercorn"
version = "0.14.3"
requires_python = ">=3.7"
summary = "A ASGI Server based on Hyper libraries and inspired by Gunicorn"
dependencies = [
    "h11",
    "h2>=3.1.0",
    "priority",
    "toml",
    "wsproto>=0.14.0",
]

[[package]]
name = "hyperframe"
version = "6.0.1"
requires_python = ">=3.6.1"
summary = "HTTP/2 framing layer for Python"

[[package]]
name = "isort"
version = "5.10.1"
requires_python = ">=3.6.1,<4.0"
summary = "A Python utility / library to sort Python imports."

[[package]]
name = "itsdangerous"
version = "2.1.2"
requires_python = ">=3.7"
summary = "Safely pass data to untrusted environments and back."

[[package]]
name = "jinja2"
version = "3.1.2"
requires_python = ">=3.7"
summary = "A very fast and expressive template engine."
dependencies = [
    "MarkupSafe>=2.0",
]

[[package]]
name = "markupsafe"
version = "2.1.1"
requires_python = ">=3.7"
summary = "Safely add untrusted strings to HTML/XML markup."

[[package]]
name = "mypy-extensions"
version = "0.4.3"
summary = "Experimental type system extensions for programs checked with the mypy typechecker."

[[package]]
name = "pathspec"
version = "0.10.1"
requires_python = ">=3.7"
summary = "Utility library for gitignore style pattern matching of file paths."

[[package]]
name = "platformdirs"
version = "2.5.2"
requires_python = ">=3.7"
summary = "A small Python module for determining appropriate platform-specific dirs, e.g. a \"user data dir\"."

[[package]]
name = "priority"
version = "2.0.0"
requires_python = ">=3.6.1"
summary = "A pure-Python implementation of the HTTP/2 priority tree"

[[package]]
name = "pymongo"
version = "4.2.0"
requires_python = ">=3.7"
summary = "Python driver for MongoDB <http://www.mongodb.org>"

[[package]]
name = "pymongo"
version = "4.2.0"
extras = ["srv"]
requires_python = ">=3.7"
summary = "Python driver for MongoDB <http://www.mongodb.org>"
dependencies = [
    "dnspython<3.0.0,>=1.16.0",
    "pymongo==4.2.0",
]

[[package]]
name = "quart"
version = "0.18.0"
requires_python = ">=3.7"
summary = "A Python ASGI web microframework with the same API as Flask"
dependencies = [
    "aiofiles",
    "blinker",
    "click",
    "hypercorn>=0.11.2",
    "itsdangerous",
    "jinja2",
    "markupsafe",
    "werkzeug>=2.2.0",
]

[[package]]
name = "toml"
version = "0.10.2"
requires_python = ">=2.6, !=3.0.*, !=3.1.*, !=3.2.*"
summary = "Python Library for Tom's Obvious, Minimal Language"

[[package]]
name = "tomli"
version = "2.0.1"
requires_python = ">=3.7"
summary = "A lil' TOML parser"

[[package]]
name = "werkzeug"
version = "2.2.2"
requires_python = ">=3.7"
summary = "The comprehensive WSGI web application library."
dependencies = [
    "MarkupSafe>=2.1.1",
]

[[package]]
name = "wsproto"
version = "1.2.0"
requires_python = ">=3.7.0"
summary = "WebSockets state-machine based protocol implementation"
dependencies = [
    "h11<1,>=0.9.0",
]

[metadata]
lock_version = "4.0"
content_hash = "sha256:f060b273ec0e11082115960ad890c6250bbf638f43f7f9739f6b83238a1c5139"

[metadata.files]
"aiofiles 22.1.0" = [
    {url = "https://files.pythonhosted.org/packages/86/26/6e5060a159a6131c430e8a01ec8327405a19a449a506224b394e36f2ebc9/aiofiles-22.1.0.tar.gz", hash = "sha256:9107f1ca0b2a5553987a94a3c9959fe5b491fdf731389aa5b7b1bd0733e32de6"},
    {url = "https://files.pythonhosted.org/packages/a0/48/d5d1ab7cfe46e573c3694fa1365442a7d7cadc3abb03d8507e58a3755bb2/aiofiles-22.1.0-py3-none-any.whl", hash = "sha256:1142fa8e80dbae46bb6339573ad4c8c0841358f79c6eb50a493dceca14621bad"},
]
"black 22.8.0" = [
    {url = "https://files.pythonhosted.org/packages/05/b1/9bd51244802560ea3cae386fd7c4b3dc104f3da2c71d9cebe0dd9a58cf21/black-22.8.0-cp39-cp39-win_amd64.whl", hash = "sha256:bc4d4123830a2d190e9cc42a2e43570f82ace35c3aeb26a512a2102bce5af7ec"},
    {url = "https://files.pythonhosted.org/packages/0e/08/daaae4173461abc664563e651a1e3c5edc9570ca03283793a444becb9c2f/black-22.8.0-cp310-cp310-macosx_11_0_arm64.whl", hash = "sha256:e8166b7bfe5dcb56d325385bd1d1e0f635f24aae14b3ae437102dedc0c186747"},
    {url = "https://files.pythonhosted.org/packages/17/87/5842bd8d3451131ad56aad8b6a680cc60034cb32a67cb7a4c930d73b55b4/black-22.8.0-cp37-cp37m-win_amd64.whl", hash = "sha256:78dd85caaab7c3153054756b9fe8c611efa63d9e7aecfa33e533060cb14b6d16"},
    {url = "https://files.pythonhosted.org/packages/18/09/63714f5c9d4d7e04c6c04603ce7fb69bf746f69caed0a3416e41bf2db168/black-22.8.0-cp39-cp39-macosx_10_9_x86_64.whl", hash = "sha256:32a4b17f644fc288c6ee2bafdf5e3b045f4eff84693ac069d87b1a347d861497"},
    {url = "https://files.pythonhosted.org/packages/18/bd/f6500e0ff2d2233863d36882418d9928ca7e2532a26a0ac16e2681bf5631/black-22.8.0-cp36-cp36m-manylinux_2_17_x86_64.manylinux2014_x86_64.whl", hash = "sha256:4a098a69a02596e1f2a58a2a1c8d5a05d5a74461af552b371e82f9fa4ada8342"},
    {url = "https://files.pythonhosted.org/packages/22/8c/395e63013297e567253b70ae36460038d47643c3cfaa25180e86dee04344/black-22.8.0-cp36-cp36m-win_amd64.whl", hash = "sha256:5594efbdc35426e35a7defa1ea1a1cb97c7dbd34c0e49af7fb593a36bd45edab"},
    {url = "https://files.pythonhosted.org/packages/36/87/2e2ebe732de20a85ad50732da070e19c06de28505a4a40d12d25d66dba6d/black-22.8.0-cp37-cp37m-manylinux_2_17_x86_64.manylinux2014_x86_64.whl", hash = "sha256:3b2c25f8dea5e8444bdc6788a2f543e1fb01494e144480bc17f806178378005e"},
    {url = "https://files.pythonhosted.org/packages/3a/1b/38a013f75022fae724ed766fdac5f6777544c45eecbe00a6d8fd91a2a26b/black-22.8.0.tar.gz", hash = "sha256:792f7eb540ba9a17e8656538701d3eb1afcb134e3b45b71f20b25c77a8db7e6e"},
    {url = "https://files.pythonhosted.org/packages/3d/a4/3eaab92ec893d7890966e4a2f7c4e3e4e6b94b4df50e4b93d2ce33180276/black-22.8.0-cp38-cp38-win_amd64.whl", hash = "sha256:e981e20ec152dfb3e77418fb616077937378b322d7b26aa1ff87717fb18b4875"},
    {url = "https://files.pythonhosted.org/packages/4d/44/466ae995a55a5c8d5914e0f02520cb64710fbc3e2df8eddc4d2a54bf6a7e/black-22.8.0-cp39-cp39-macosx_10_9_universal2.whl", hash = "sha256:8ce13ffed7e66dda0da3e0b2eb1bdfc83f5812f66e09aca2b0978593ed636b6c"},
    {url = "https://files.pythonhosted.org/packages/63/64/fc6167e4ac4547d6eb9dd31be54979553e95816df5cc889b2680556c3898/black-22.8.0-cp36-cp36m-macosx_10_9_x86_64.whl", hash = "sha256:a05da0430bd5ced89176db098567973be52ce175a55677436a271102d7eaa3fe"},
    {url = "https://files.pythonhosted.org/packages/67/e9/d6e8365eae2dd2b0d9fcdff129a88ab316a545ab44445c92ae8353c7f5ef/black-22.8.0-cp310-cp310-macosx_10_9_universal2.whl", hash = "sha256:ce957f1d6b78a8a231b18e0dd2d94a33d2ba738cd88a7fe64f53f659eea49fdd"},
    {url = "https://files.pythonhosted.org/packages/71/2c/73563faaf6c8aeb31954b8e83b3284bb01ac0ec58110ed84ecec95a055f4/black-22.8.0-cp39-cp39-manylinux_2_17_x86_64.manylinux2014_x86_64.whl", hash = "sha256:53198e28a1fb865e9fe97f88220da2e44df6da82b18833b588b1883b16bb5d41"},
    {url = "https://files.pythonhosted.org/packages/75/03/e68f2051e0ea06db2ce57151387dd34acf35beb3d67936823c1b928a0522/black-22.8.0-cp37-cp37m-macosx_10_9_x86_64.whl", hash = "sha256:a983526af1bea1e4cf6768e649990f28ee4f4137266921c2c3cee8116ae42ec3"},
    {url = "https://files.pythonhosted.org/packages/86/9c/25cab63ed9440df5dba7688d4b55123f4bb352dc48ddf93d2b32c882dbe1/black-22.8.0-cp310-cp310-win_amd64.whl", hash = "sha256:d839150f61d09e7217f52917259831fe2b689f5c8e5e32611736351b89bb2a90"},
    {url = "https://files.pythonhosted.org/packages/a5/3f/c6da8f60962de05c7e5026ce5963a102b0d6ef38884bf9ee825c09b8d0b4/black-22.8.0-cp38-cp38-macosx_10_9_x86_64.whl", hash = "sha256:5b879eb439094751185d1cfdca43023bc6786bd3c60372462b6f051efa6281a5"},
    {url = "https://files.pythonhosted.org/packages/b9/d2/7476c40f3ed871047e5ef4e27a6e946b3aac5357fe9a2e08548c95b79327/black-22.8.0-cp310-cp310-macosx_10_9_x86_64.whl", hash = "sha256:5107ea36b2b61917956d018bd25129baf9ad1125e39324a9b18248d362156a27"},
    {url = "https://files.pythonhosted.org/packages/c1/22/5d7cd0cd1c6ce136fd8dbac3f83a260723b3022cfcc0496a84f2a14c7b9a/black-22.8.0-cp38-cp38-manylinux_2_17_x86_64.manylinux2014_x86_64.whl", hash = "sha256:c3a73f66b6d5ba7288cd5d6dad9b4c9b43f4e8a4b789a94bf5abfb878c663eb3"},
    {url = "https://files.pythonhosted.org/packages/c6/63/a852b07abc942dc069b5457af40feca82667cf5ed9faec7d4688a4d9c7da/black-22.8.0-py3-none-any.whl", hash = "sha256:d2c21d439b2baf7aa80d6dd4e3659259be64c6f49dfd0f32091063db0e006db4"},
    {url = "https://files.pythonhosted.org/packages/d4/a1/dc7bc3cc5eef263625532176015d65033425af8187b732ef2495a1cfa597/black-22.8.0-cp39-cp39-macosx_11_0_arm64.whl", hash = "sha256:0ad827325a3a634bae88ae7747db1a395d5ee02cf05d9aa7a9bd77dfb10e940c"},
    {url = "https://files.pythonhosted.org/packages/d5/08/2dbe5c8e5d251fad5b06494a113940232716246e973ca33a44e59b7f1dbd/black-22.8.0-cp38-cp38-macosx_10_9_universal2.whl", hash = "sha256:cea1b2542d4e2c02c332e83150e41e3ca80dc0fb8de20df3c5e98e242156222c"},
    {url = "https://files.pythonhosted.org/packages/d5/0a/c86b68b24812deaceb48dc7e335fde0f1289e04171ef2fc5ff8eecc50102/black-22.8.0-cp310-cp310-manylinux_2_17_x86_64.manylinux2014_x86_64.whl", hash = "sha256:dd82842bb272297503cbec1a2600b6bfb338dae017186f8f215c8958f8acf869"},
    {url = "https://files.pythonhosted.org/packages/df/9f/1a01c38b187bf49ddf97872932c4ef4f87065e08b037efbe72f3f824970d/black-22.8.0-cp38-cp38-macosx_11_0_arm64.whl", hash = "sha256:0a12e4e1353819af41df998b02c6742643cfef58282915f781d0e4dd7a200411"},
]
"blinker 1.5" = [
    {url = "https://files.pythonhosted.org/packages/2b/12/82786486cefb68685bb1c151730f510b0f4e5d621d77f245bc0daf9a6c64/blinker-1.5.tar.gz", hash = "sha256:923e5e2f69c155f2cc42dafbbd70e16e3fde24d2d4aa2ab72fbe386238892462"},
    {url = "https://files.pythonhosted.org/packages/30/41/caa5da2dbe6d26029dfe11d31dfa8132b4d6d30b6d6b61a24824075a5f06/blinker-1.5-py2.py3-none-any.whl", hash = "sha256:1eb563df6fdbc39eeddc177d953203f99f097e9bf0e2b8f9f3cf18b6ca425e36"},
]
"click 8.1.3" = [
    {url = "https://files.pythonhosted.org/packages/59/87/84326af34517fca8c58418d148f2403df25303e02736832403587318e9e8/click-8.1.3.tar.gz", hash = "sha256:7682dc8afb30297001674575ea00d1814d808d6a36af415a82bd481d37ba7b8e"},
    {url = "https://files.pythonhosted.org/packages/c2/f1/df59e28c642d583f7dacffb1e0965d0e00b218e0186d7858ac5233dce840/click-8.1.3-py3-none-any.whl", hash = "sha256:bb4d8133cb15a609f44e8213d9b391b0809795062913b383c62be0ee95b1db48"},
]
"colorama 0.4.5" = [
    {url = "https://files.pythonhosted.org/packages/2b/65/24d033a9325ce42ccbfa3ca2d0866c7e89cc68e5b9d92ecaba9feef631df/colorama-0.4.5.tar.gz", hash = "sha256:e6c6b4334fc50988a639d9b98aa429a0b57da6e17b9a44f0451f930b6967b7a4"},
    {url = "https://files.pythonhosted.org/packages/77/8b/7550e87b2d308a1b711725dfaddc19c695f8c5fa413c640b2be01662f4e6/colorama-0.4.5-py2.py3-none-any.whl", hash = "sha256:854bf444933e37f5824ae7bfc1e98d5bce2ebe4160d46b5edf346a89358e99da"},
]
"dnspython 2.2.1" = [
    {url = "https://files.pythonhosted.org/packages/99/fb/e7cd35bba24295ad41abfdff30f6b4c271fd6ac70d20132fa503c3e768e0/dnspython-2.2.1.tar.gz", hash = "sha256:0f7569a4a6ff151958b64304071d370daa3243d15941a7beedf0c9fe5105603e"},
    {url = "https://files.pythonhosted.org/packages/9b/ed/28fb14146c7033ba0e89decd92a4fa16b0b69b84471e2deab3cc4337cc35/dnspython-2.2.1-py3-none-any.whl", hash = "sha256:a851e51367fb93e9e1361732c1d60dab63eff98712e503ea7d92e6eccb109b4f"},
]
"h11 0.13.0" = [
    {url = "https://files.pythonhosted.org/packages/19/d2/32a15a4955be1b8114a1c570999eefd31279c7f9aa2d2a43d492a79b53c5/h11-0.13.0-py3-none-any.whl", hash = "sha256:8ddd78563b633ca55346c8cd41ec0af27d3c79931828beffb46ce70a379e7442"},
    {url = "https://files.pythonhosted.org/packages/fa/a6/450568b2d62dd633be53f69890332bb0ce78183ffbe1e514c2b3102efff5/h11-0.13.0.tar.gz", hash = "sha256:70813c1135087a248a4d38cc0e1a0181ffab2188141a93eaf567940c3957ff06"},
]
"h2 4.1.0" = [
    {url = "https://files.pythonhosted.org/packages/2a/32/fec683ddd10629ea4ea46d206752a95a2d8a48c22521edd70b142488efe1/h2-4.1.0.tar.gz", hash = "sha256:a83aca08fbe7aacb79fec788c9c0bac936343560ed9ec18b82a13a12c28d2abb"},
    {url = "https://files.pythonhosted.org/packages/2a/e5/db6d438da759efbb488c4f3fbdab7764492ff3c3f953132efa6b9f0e9e53/h2-4.1.0-py3-none-any.whl", hash = "sha256:03a46bcf682256c95b5fd9e9a99c1323584c3eec6440d379b9903d709476bc6d"},
]
"hpack 4.0.0" = [
    {url = "https://files.pythonhosted.org/packages/3e/9b/fda93fb4d957db19b0f6b370e79d586b3e8528b20252c729c476a2c02954/hpack-4.0.0.tar.gz", hash = "sha256:fc41de0c63e687ebffde81187a948221294896f6bdc0ae2312708df339430095"},
    {url = "https://files.pythonhosted.org/packages/d5/34/e8b383f35b77c402d28563d2b8f83159319b509bc5f760b15d60b0abf165/hpack-4.0.0-py3-none-any.whl", hash = "sha256:84a076fad3dc9a9f8063ccb8041ef100867b1878b25ef0ee63847a5d53818a6c"},
]
"hypercorn 0.14.3" = [
    {url = "https://files.pythonhosted.org/packages/2e/e8/2a927f26a0cb994451b07622bf778ac6b3cb9fe45216e13feaeebb27c9b0/Hypercorn-0.14.3.tar.gz", hash = "sha256:4a87a0b7bbe9dc75fab06dbe4b301b9b90416e9866c23a377df21a969d6ab8dd"},
    {url = "https://files.pythonhosted.org/packages/be/8b/e856965857137bc594e8fd52fef1d00b79913a6a01033cba772276aff10b/Hypercorn-0.14.3-py3-none-any.whl", hash = "sha256:7c491d5184f28ee960dcdc14ab45d14633ca79d72ddd13cf4fcb4cb854d679ab"},
]
"hyperframe 6.0.1" = [
    {url = "https://files.pythonhosted.org/packages/5a/2a/4747bff0a17f7281abe73e955d60d80aae537a5d203f417fa1c2e7578ebb/hyperframe-6.0.1.tar.gz", hash = "sha256:ae510046231dc8e9ecb1a6586f63d2347bf4c8905914aa84ba585ae85f28a914"},
    {url = "https://files.pythonhosted.org/packages/d7/de/85a784bcc4a3779d1753a7ec2dee5de90e18c7bcf402e71b51fcf150b129/hyperframe-6.0.1-py3-none-any.whl", hash = "sha256:0ec6bafd80d8ad2195c4f03aacba3a8265e57bc4cff261e802bf39970ed02a15"},
]
"isort 5.10.1" = [
    {url = "https://files.pythonhosted.org/packages/ab/e9/964cb0b2eedd80c92f5172f1f8ae0443781a9d461c1372a3ce5762489593/isort-5.10.1.tar.gz", hash = "sha256:e8443a5e7a020e9d7f97f1d7d9cd17c88bcb3bc7e218bf9cf5095fe550be2951"},
    {url = "https://files.pythonhosted.org/packages/b8/5b/f18e227df38b94b4ee30d2502fd531bebac23946a2497e5595067a561274/isort-5.10.1-py3-none-any.whl", hash = "sha256:6f62d78e2f89b4500b080fe3a81690850cd254227f27f75c3a0c491a1f351ba7"},
]
"itsdangerous 2.1.2" = [
    {url = "https://files.pythonhosted.org/packages/68/5f/447e04e828f47465eeab35b5d408b7ebaaaee207f48b7136c5a7267a30ae/itsdangerous-2.1.2-py3-none-any.whl", hash = "sha256:2c2349112351b88699d8d4b6b075022c0808887cb7ad10069318a8b0bc88db44"},
    {url = "https://files.pythonhosted.org/packages/7f/a1/d3fb83e7a61fa0c0d3d08ad0a94ddbeff3731c05212617dff3a94e097f08/itsdangerous-2.1.2.tar.gz", hash = "sha256:5dbbc68b317e5e42f327f9021763545dc3fc3bfe22e6deb96aaf1fc38874156a"},
]
"jinja2 3.1.2" = [
    {url = "https://files.pythonhosted.org/packages/7a/ff/75c28576a1d900e87eb6335b063fab47a8ef3c8b4d88524c4bf78f670cce/Jinja2-3.1.2.tar.gz", hash = "sha256:31351a702a408a9e7595a8fc6150fc3f43bb6bf7e319770cbc0db9df9437e852"},
    {url = "https://files.pythonhosted.org/packages/bc/c3/f068337a370801f372f2f8f6bad74a5c140f6fda3d9de154052708dd3c65/Jinja2-3.1.2-py3-none-any.whl", hash = "sha256:6088930bfe239f0e6710546ab9c19c9ef35e29792895fed6e6e31a023a182a61"},
]
"markupsafe 2.1.1" = [
    {url = "https://files.pythonhosted.org/packages/06/7f/d5e46d7464360b6ac39c5b0b604770dba937e3d7cab485d2f3298454717b/MarkupSafe-2.1.1-cp39-cp39-macosx_10_9_universal2.whl", hash = "sha256:e04e26803c9c3851c931eac40c695602c6295b8d432cbe78609649ad9bd2da8a"},
    {url = "https://files.pythonhosted.org/packages/0f/53/b14de4ede9c2bd76d28e7911033b065ac42896f1cfb258d3ff65cf0332d2/MarkupSafe-2.1.1-cp39-cp39-musllinux_1_1_x86_64.whl", hash = "sha256:8e3dcf21f367459434c18e71b2a9532d96547aef8a871872a5bd69a715c15f96"},
    {url = "https://files.pythonhosted.org/packages/18/a6/913b1d80fe93f7c3aa79206544b98841616c3eaa7790f37bdfb9fc13311e/MarkupSafe-2.1.1-cp38-cp38-manylinux_2_17_aarch64.manylinux2014_aarch64.whl", hash = "sha256:8e576a51ad59e4bfaac456023a78f6b5e6e7651dcd383bcc3e18d06f9b55d6d1"},
    {url = "https://files.pythonhosted.org/packages/1b/b3/93411f10caaccc6fc9c53bbdae4f6d26997248ae574e2f0c90e912b67f73/MarkupSafe-2.1.1-cp37-cp37m-musllinux_1_1_aarch64.whl", hash = "sha256:d5ee4f386140395a2c818d149221149c54849dfcfcb9f1debfe07a8b8bd63f9a"},
    {url = "https://files.pythonhosted.org/packages/1d/97/2288fe498044284f39ab8950703e88abbac2abbdf65524d576157af70556/MarkupSafe-2.1.1.tar.gz", hash = "sha256:7f91197cc9e48f989d12e4e6fbc46495c446636dfc81b9ccf50bb0ec74b91d4b"},
    {url = "https://files.pythonhosted.org/packages/25/c4/a75659da6d6b03d2d8ef296b2a8bc73e8c5b1533ee31569a958a292f0929/MarkupSafe-2.1.1-cp39-cp39-win32.whl", hash = "sha256:d4306c36ca495956b6d568d276ac11fdd9c30a36f1b6eb928070dc5360b22e1c"},
    {url = "https://files.pythonhosted.org/packages/26/03/2c11ba1a8b2327adea3f59f1c9c9ee9c59e86023925f929e63c4f028b10a/MarkupSafe-2.1.1-cp39-cp39-macosx_10_9_x86_64.whl", hash = "sha256:b87db4360013327109564f0e591bd2a3b318547bcef31b468a92ee504d07ae4f"},
    {url = "https://files.pythonhosted.org/packages/2c/81/91062a81ac8a18f557f12e2618475b53878755c016c9914c8aa207155c4e/MarkupSafe-2.1.1-cp38-cp38-win_amd64.whl", hash = "sha256:fc7b548b17d238737688817ab67deebb30e8073c95749d55538ed473130ec0c7"},
    {url = "https://files.pythonhosted.org/packages/3a/fc/dccc18170917f2cc2a5b77aad97f5f27d992ef0f2b9fb9e334ee71bf5301/MarkupSafe-2.1.1-cp39-cp39-musllinux_1_1_aarch64.whl", hash = "sha256:33b74d289bd2f5e527beadcaa3f401e0df0a89927c1559c8566c066fa4248ab7"},
    {url = "https://files.pythonhosted.org/packages/3c/d3/c7ab031b14ae4e83214949acee957a8fcf6a992698edff039ee1e77eb4e1/MarkupSafe-2.1.1-cp38-cp38-macosx_10_9_x86_64.whl", hash = "sha256:0212a68688482dc52b2d45013df70d169f542b7394fc744c02a57374a4207003"},
    {url = "https://files.pythonhosted.org/packages/3d/4b/15e5b9d40c4b58e97ebcb8ed5845a215fa5b7cf49a7f1cc7908f8db9cf46/MarkupSafe-2.1.1-cp310-cp310-win_amd64.whl", hash = "sha256:dda30ba7e87fbbb7eab1ec9f58678558fd9a6b8b853530e176eabd064da81417"},
    {url = "https://files.pythonhosted.org/packages/3f/38/f422a81b41bdac48f1d19c45f6e203c04bc45d2c35505873fdecdddee1ec/MarkupSafe-2.1.1-cp37-cp37m-win_amd64.whl", hash = "sha256:97a68e6ada378df82bc9f16b800ab77cbf4b2fada0081794318520138c088e4a"},
    {url = "https://files.pythonhosted.org/packages/48/a9/cf226ea201542a724b113bac70dd0dfb72106da3621120c525c8eafadac2/MarkupSafe-2.1.1-cp37-cp37m-manylinux_2_17_aarch64.manylinux2014_aarch64.whl", hash = "sha256:3799351e2336dc91ea70b034983ee71cf2f9533cdff7c14c90ea126bfd95d65a"},
    {url = "https://files.pythonhosted.org/packages/5c/1a/ac3a2b2a4ef1196c15dd8a143fc28eddeb6e6871d6d1de64dc44ef7f59b6/MarkupSafe-2.1.1-cp310-cp310-musllinux_1_1_i686.whl", hash = "sha256:694deca8d702d5db21ec83983ce0bb4b26a578e71fbdbd4fdcd387daa90e4d5e"},
    {url = "https://files.pythonhosted.org/packages/5e/3d/0a7df21deca52e20de81f8a895ac29df68944588c0030be9aa1e6c07877c/MarkupSafe-2.1.1-cp310-cp310-win32.whl", hash = "sha256:4a33dea2b688b3190ee12bd7cfa29d39c9ed176bda40bfa11099a3ce5d3a7ac6"},
    {url = "https://files.pythonhosted.org/packages/68/b5/b3aafabe7e1f71aa64ffe32fd8c767fd7db1bb304d339d8df6f2fdd2543c/MarkupSafe-2.1.1-cp38-cp38-musllinux_1_1_i686.whl", hash = "sha256:089cf3dbf0cd6c100f02945abeb18484bd1ee57a079aefd52cffd17fba910b88"},
    {url = "https://files.pythonhosted.org/packages/69/60/08791e4a971ea976f0fd58fb916d76de7c962dc8e26430564258820ac21f/MarkupSafe-2.1.1-cp38-cp38-manylinux_2_5_i686.manylinux1_i686.manylinux_2_17_i686.manylinux2014_i686.whl", hash = "sha256:96e37a3dc86e80bf81758c152fe66dbf60ed5eca3d26305edf01892257049925"},
    {url = "https://files.pythonhosted.org/packages/6c/44/cd459988fe29cb82f0482fe6b6c47ec17ae700a500634edd876075d5e1ee/MarkupSafe-2.1.1-cp38-cp38-win32.whl", hash = "sha256:421be9fbf0ffe9ffd7a378aafebbf6f4602d564d34be190fc19a193232fd12b1"},
    {url = "https://files.pythonhosted.org/packages/71/dc/41cbfe0d9aefdf14226dbf4eccfd0079a0e297809a17c5b902c9a7a3cc9a/MarkupSafe-2.1.1-cp39-cp39-win_amd64.whl", hash = "sha256:46d00d6cfecdde84d40e572d63735ef81423ad31184100411e6e3388d405e247"},
    {url = "https://files.pythonhosted.org/packages/73/68/628f6dbbf5088723a2b939d97c0a2e059d0cc654ce92a6fac5c7959edaff/MarkupSafe-2.1.1-cp39-cp39-manylinux_2_5_i686.manylinux1_i686.manylinux_2_17_i686.manylinux2014_i686.whl", hash = "sha256:3ce11ee3f23f79dbd06fb3d63e2f6af7b12db1d46932fe7bd8afa259a5996603"},
    {url = "https://files.pythonhosted.org/packages/7f/d7/a0ee1e3a608ca2f80c66c43c699ab063b4b8979c51f8299229b1960f6860/MarkupSafe-2.1.1-cp37-cp37m-win32.whl", hash = "sha256:8dc1c72a69aa7e082593c4a203dcf94ddb74bb5c8a731e4e1eb68d031e8498ff"},
    {url = "https://files.pythonhosted.org/packages/82/3d/523e40c45dc1f53b35e60c6e8563dec523f7b6c113f823d5e123dd431631/MarkupSafe-2.1.1-cp39-cp39-manylinux_2_17_aarch64.manylinux2014_aarch64.whl", hash = "sha256:99a2a507ed3ac881b975a2976d59f38c19386d128e7a9a18b7df6fff1fd4c1d6"},
    {url = "https://files.pythonhosted.org/packages/87/31/ab37f60fde001c02ac115da6f66a2d934d37407f257ad8e15ed69093c7fb/MarkupSafe-2.1.1-cp37-cp37m-manylinux_2_5_i686.manylinux1_i686.manylinux_2_17_i686.manylinux2014_i686.whl", hash = "sha256:6fbf47b5d3728c6aea2abb0589b5d30459e369baa772e0f37a0320185e87c980"},
    {url = "https://files.pythonhosted.org/packages/8c/96/7e608e1a942232cb8c81ca24093e71e07e2bacbeb2dad62a0f82da28ed54/MarkupSafe-2.1.1-cp310-cp310-macosx_10_9_x86_64.whl", hash = "sha256:f121a1420d4e173a5d96e47e9a0c0dcff965afdf1626d28de1460815f7c4ee7a"},
    {url = "https://files.pythonhosted.org/packages/92/7c/3c33294e506eafa7f1c40dd283089a45652ea0f073fc0ce24419d46bfe4b/MarkupSafe-2.1.1-cp38-cp38-macosx_10_9_universal2.whl", hash = "sha256:e8c843bbcda3a2f1e3c2ab25913c80a3c5376cd00c6e8c4a86a89a28c8dc5452"},
    {url = "https://files.pythonhosted.org/packages/9e/82/2e089c6f34e77c073aa5a67040d368aac0dfb9b8ccbb46d381452c26fc33/MarkupSafe-2.1.1-cp310-cp310-manylinux_2_17_x86_64.manylinux2014_x86_64.whl", hash = "sha256:10c1bfff05d95783da83491be968e8fe789263689c02724e0c691933c52994f5"},
    {url = "https://files.pythonhosted.org/packages/9f/83/b221ce5a0224f409b9f02b0dc6cb0b921c46033f4870d64fa3e8a96af701/MarkupSafe-2.1.1-cp37-cp37m-manylinux_2_17_x86_64.manylinux2014_x86_64.whl", hash = "sha256:e72591e9ecd94d7feb70c1cbd7be7b3ebea3f548870aa91e2732960fa4d57a37"},
    {url = "https://files.pythonhosted.org/packages/a3/47/9dcc08eff8ab94f1e50f59f9cd322b710ef5db7e8590fdd8df924406fc9c/MarkupSafe-2.1.1-cp310-cp310-manylinux_2_5_i686.manylinux1_i686.manylinux_2_17_i686.manylinux2014_i686.whl", hash = "sha256:b7bd98b796e2b6553da7225aeb61f447f80a1ca64f41d83612e6139ca5213aa4"},
    {url = "https://files.pythonhosted.org/packages/ad/fa/292a72cddad41e3c06227b446a0af53ff642a40755fc5bd695f439c35ba8/MarkupSafe-2.1.1-cp310-cp310-musllinux_1_1_aarch64.whl", hash = "sha256:b09bf97215625a311f669476f44b8b318b075847b49316d3e28c08e41a7a573f"},
    {url = "https://files.pythonhosted.org/packages/ba/16/3627f852d8a846c0fc52ad1beac6e27894a8344cc2c26036db51acb82c3e/MarkupSafe-2.1.1-cp39-cp39-musllinux_1_1_i686.whl", hash = "sha256:43093fb83d8343aac0b1baa75516da6092f58f41200907ef92448ecab8825135"},
    {url = "https://files.pythonhosted.org/packages/ba/a9/6291d3fdaf0ecac5fbafe462258c5174f11fd752076ba05c2c022ee64f77/MarkupSafe-2.1.1-cp37-cp37m-musllinux_1_1_x86_64.whl", hash = "sha256:e1c0b87e09fa55a220f058d1d49d3fb8df88fbfab58558f1198e08c1e1de842a"},
    {url = "https://files.pythonhosted.org/packages/be/d8/5ab7f07d8f60155c4f12b4b2dca785355b8ee7e16b2d3f00c3830add5f10/MarkupSafe-2.1.1-cp38-cp38-musllinux_1_1_x86_64.whl", hash = "sha256:6a074d34ee7a5ce3effbc526b7083ec9731bb3cbf921bbe1d3005d4d2bdb3a63"},
    {url = "https://files.pythonhosted.org/packages/d0/1f/9677deb5b2768ca503e5ed8464a28f47a854d415b9d1b84445efa8363ca6/MarkupSafe-2.1.1-cp37-cp37m-musllinux_1_1_i686.whl", hash = "sha256:bcb3ed405ed3222f9904899563d6fc492ff75cce56cba05e32eff40e6acbeaa3"},
    {url = "https://files.pythonhosted.org/packages/d3/4f/9ea1c0a7796f7f81371b40d32aa31766b76fbdba316abf888897042e6e0f/MarkupSafe-2.1.1-cp38-cp38-musllinux_1_1_aarch64.whl", hash = "sha256:6d0072fea50feec76a4c418096652f2c3238eaa014b2f94aeb1d56a66b41403f"},
    {url = "https://files.pythonhosted.org/packages/d9/60/94e9de017674f88a514804e2924bdede9a642aba179d2045214719d6ec76/MarkupSafe-2.1.1-cp310-cp310-macosx_10_9_universal2.whl", hash = "sha256:86b1f75c4e7c2ac2ccdaec2b9022845dbb81880ca318bb7a0a01fbf7813e3812"},
    {url = "https://files.pythonhosted.org/packages/df/06/c515c5bc43b90462e753bc768e6798193c6520c9c7eb2054c7466779a9db/MarkupSafe-2.1.1-cp39-cp39-manylinux_2_17_x86_64.manylinux2014_x86_64.whl", hash = "sha256:56442863ed2b06d19c37f94d999035e15ee982988920e12a5b4ba29b62ad1f77"},
    {url = "https://files.pythonhosted.org/packages/f9/f8/13ffc95bf8a8c98d611b9f9fa5aa88625b9a82fce528e58f1aafba14946b/MarkupSafe-2.1.1-cp37-cp37m-macosx_10_9_x86_64.whl", hash = "sha256:671cd1187ed5e62818414afe79ed29da836dde67166a9fac6d435873c44fdd02"},
    {url = "https://files.pythonhosted.org/packages/fc/e4/78c7607352dd574d524daad079f855757d406d36b919b1864a5a07978390/MarkupSafe-2.1.1-cp310-cp310-musllinux_1_1_x86_64.whl", hash = "sha256:efc1913fd2ca4f334418481c7e595c00aad186563bbc1ec76067848c7ca0a933"},
    {url = "https://files.pythonhosted.org/packages/fd/f4/524d2e8f5a3727cf309c2b7df7c732038375322df1376c9e9ef3aa92fcaf/MarkupSafe-2.1.1-cp38-cp38-manylinux_2_17_x86_64.manylinux2014_x86_64.whl", hash = "sha256:4b9fe39a2ccc108a4accc2676e77da025ce383c108593d65cc909add5c3bd601"},
    {url = "https://files.pythonhosted.org/packages/ff/3a/42262a3aa6415befee33b275b31afbcef4f7f8d2f4380061b226c692ee2a/MarkupSafe-2.1.1-cp310-cp310-manylinux_2_17_aarch64.manylinux2014_aarch64.whl", hash = "sha256:a49907dd8420c5685cfa064a1335b6754b74541bbb3706c259c02ed65b644b3e"},
]
"mypy-extensions 0.4.3" = [
    {url = "https://files.pythonhosted.org/packages/5c/eb/975c7c080f3223a5cdaff09612f3a5221e4ba534f7039db34c35d95fa6a5/mypy_extensions-0.4.3-py2.py3-none-any.whl", hash = "sha256:090fedd75945a69ae91ce1303b5824f428daf5a028d2f6ab8a299250a846f15d"},
    {url = "https://files.pythonhosted.org/packages/63/60/0582ce2eaced55f65a4406fc97beba256de4b7a95a0034c6576458c6519f/mypy_extensions-0.4.3.tar.gz", hash = "sha256:2d82818f5bb3e369420cb3c4060a7970edba416647068eb4c5343488a6c604a8"},
]
"pathspec 0.10.1" = [
    {url = "https://files.pythonhosted.org/packages/24/9f/a9ae1e6efa11992dba2c4727d94602bd2f6ee5f0dedc29ee2d5d572c20f7/pathspec-0.10.1.tar.gz", hash = "sha256:7ace6161b621d31e7902eb6b5ae148d12cfd23f4a249b9ffb6b9fee12084323d"},
    {url = "https://files.pythonhosted.org/packages/63/82/2179fdc39bc1bb43296f638ae1dfe2581ec2617b4e87c28b0d23d44b997f/pathspec-0.10.1-py3-none-any.whl", hash = "sha256:46846318467efc4556ccfd27816e004270a9eeeeb4d062ce5e6fc7a87c573f93"},
]
"platformdirs 2.5.2" = [
    {url = "https://files.pythonhosted.org/packages/ed/22/967181c94c3a4063fe64e15331b4cb366bdd7dfbf46fcb8ad89650026fec/platformdirs-2.5.2-py3-none-any.whl", hash = "sha256:027d8e83a2d7de06bbac4e5ef7e023c02b863d7ea5d079477e722bb41ab25788"},
    {url = "https://files.pythonhosted.org/packages/ff/7b/3613df51e6afbf2306fc2465671c03390229b55e3ef3ab9dd3f846a53be6/platformdirs-2.5.2.tar.gz", hash = "sha256:58c8abb07dcb441e6ee4b11d8df0ac856038f944ab98b7be6b27b2a3c7feef19"},
]
"priority 2.0.0" = [
    {url = "https://files.pythonhosted.org/packages/5e/5f/82c8074f7e84978129347c2c6ec8b6c59f3584ff1a20bc3c940a3e061790/priority-2.0.0-py3-none-any.whl", hash = "sha256:6f8eefce5f3ad59baf2c080a664037bb4725cd0a790d53d59ab4059288faf6aa"},
    {url = "https://files.pythonhosted.org/packages/f5/3c/eb7c35f4dcede96fca1842dac5f4f5d15511aa4b52f3a961219e68ae9204/priority-2.0.0.tar.gz", hash = "sha256:c965d54f1b8d0d0b19479db3924c7c36cf672dbf2aec92d43fbdaf4492ba18c0"},
]
"pymongo 4.2.0" = [
    {url = "https://files.pythonhosted.org/packages/02/9a/6faefa2c66c7a4effd38b25244d3eb2dbd00fe348018e8bbf7ddd11f2753/pymongo-4.2.0-cp37-cp37m-manylinux2014_x86_64.whl", hash = "sha256:68e1e49a5675748233f7b05330f092582cd52f2850b4244939fd75ba640593ed"},
    {url = "https://files.pythonhosted.org/packages/08/dc/8a71c84fce1a33c5672b28ef83174e1f2ebd46b470284640bc7d590ce7ee/pymongo-4.2.0-cp37-cp37m-manylinux_2_17_x86_64.manylinux2014_x86_64.whl", hash = "sha256:69d0180bca594e81cdb4a2af328bdb4046f59e10aaeef7619496fe64f2ec918c"},
    {url = "https://files.pythonhosted.org/packages/0b/92/8b5a44c9b3e7f045f5824d630b0e96fc31e417067f52f856e1aa91917863/pymongo-4.2.0-cp38-cp38-manylinux_2_5_i686.manylinux1_i686.whl", hash = "sha256:0f53253f4777cbccc426e669a2af875f26c95bd090d88593287b9a0a8ac7fa25"},
    {url = "https://files.pythonhosted.org/packages/0f/d3/94bcb1b2c483d40d7ff2a5045fde701760b4791707b94752da376aff3e58/pymongo-4.2.0-cp39-cp39-manylinux_2_17_aarch64.manylinux2014_aarch64.whl", hash = "sha256:d98d2a8283c9928a9e5adf2f3c0181e095579e9732e1613aaa55d386e2bcb6c5"},
    {url = "https://files.pythonhosted.org/packages/14/2a/5e6469580f987eb18d407751b7913d83651c0b600b0f460e9682fa5e8abc/pymongo-4.2.0-cp39-cp39-manylinux_2_17_s390x.manylinux2014_s390x.whl", hash = "sha256:124d0e880b66f9b0778613198e89984984fdd37a3030a9007e5f459a42dfa2d3"},
    {url = "https://files.pythonhosted.org/packages/16/5c/def5ee5112e834ce41a86feb37d076b586e51f5ff7acce072073fc616147/pymongo-4.2.0.tar.gz", hash = "sha256:72f338f6aabd37d343bd9d1fdd3de921104d395766bcc5cdc4039e4c2dd97766"},
    {url = "https://files.pythonhosted.org/packages/22/52/69067becfe5893928268a9f01dedffdc26649715b11769aef8c48f90e7a0/pymongo-4.2.0-cp37-cp37m-manylinux2014_aarch64.whl", hash = "sha256:e08fe1731f5429435b8dea1db9663f9ed1812915ff803fc9991c7c4841ed62ad"},
    {url = "https://files.pythonhosted.org/packages/28/00/e03d15a855dd59651eb5d6cafd75d0dff24dcf519124cec022d7f4fa77e7/pymongo-4.2.0-cp38-cp38-macosx_10_9_x86_64.whl", hash = "sha256:193cc97d44b1e6d2253ea94e30c6f94f994efb7166e2452af4df55825266e88b"},
    {url = "https://files.pythonhosted.org/packages/28/ec/1bdf4a307cfe8545333f64d7afc87524b38628aeb57f01d8d8342739477c/pymongo-4.2.0-cp39-cp39-manylinux1_x86_64.whl", hash = "sha256:3be53e9888e759c49ae35d747ff77a04ff82b894dd64601e0f3a5a159b406245"},
    {url = "https://files.pythonhosted.org/packages/32/1d/65011170d26e75273cd629cfef3ed4ecfad5caca6560627192baa8d5220f/pymongo-4.2.0-cp38-cp38-manylinux1_x86_64.whl", hash = "sha256:8a9bc4dcfc2bda69ee88cdb7a89b03f2b8eca668519b704384a264dea2db4209"},
    {url = "https://files.pythonhosted.org/packages/35/ad/c85dc31c207acff8e369b379c33b9a4d01bebf54538665582dde8d69c90a/pymongo-4.2.0-cp310-cp310-manylinux2014_aarch64.whl", hash = "sha256:70216ec4c248213ae95ea499b6314c385ce01a5946c448fb22f6c8395806e740"},
    {url = "https://files.pythonhosted.org/packages/36/04/16ab8b3116a8e71690eadebe937d9bd37c47fd5c576914804414eb90912e/pymongo-4.2.0-cp310-cp310-manylinux1_i686.whl", hash = "sha256:c549bb519456ee230e92f415c5b4d962094caac0fdbcc4ed22b576f66169764e"},
    {url = "https://files.pythonhosted.org/packages/36/24/46c2625c828f392a78ca20d8facfc91c3c75e2f63e8ab9e34096337a682b/pymongo-4.2.0-cp39-cp39-manylinux_2_5_x86_64.manylinux1_x86_64.whl", hash = "sha256:01721da74558f2f64a9f162ee063df403ed656b7d84229268d8e4ae99cfba59c"},
    {url = "https://files.pythonhosted.org/packages/36/82/249fb3d449c4491202dab1bb1be466a3187446721f29faae7889e2b754fc/pymongo-4.2.0-cp310-cp310-win32.whl", hash = "sha256:ecdcb0d4e9b08b739035f57a09330efc6f464bd7f942b63897395d996ca6ebd5"},
    {url = "https://files.pythonhosted.org/packages/3a/c1/e2e255444ea04eb2a5cbe6847edb7d1142838a2e65e48210eba21494fccd/pymongo-4.2.0-cp39-cp39-manylinux_2_5_i686.manylinux1_i686.whl", hash = "sha256:153b8f8705970756226dfeeb7bb9637e0ad54a4d79b480b4c8244e34e16e1662"},
    {url = "https://files.pythonhosted.org/packages/3a/cf/dd6cde4edf6ccbd7a24050c458ebdab6ee0b0a54baac9e1585db539399b1/pymongo-4.2.0-cp310-cp310-manylinux2014_s390x.whl", hash = "sha256:902e2c9030cb042c49750bc70d72d830d42c64ea0df5ff8630c171e065c93dd7"},
    {url = "https://files.pythonhosted.org/packages/3b/f4/a158a718fb0dd4256a65173a4c261afd12f2194771f2e2d5c9cfbe2b2e37/pymongo-4.2.0-cp39-cp39-manylinux_2_17_ppc64le.manylinux2014_ppc64le.whl", hash = "sha256:76892bbce743eb9f90360b3626ea92f13d338010a1004b4488e79e555b339921"},
    {url = "https://files.pythonhosted.org/packages/3f/af/766243b4b6c5deb9ab0f17fe53e0c83d2d543887619c921d7aff674ec4cd/pymongo-4.2.0-cp39-cp39-manylinux_2_5_i686.manylinux1_i686.manylinux_2_17_i686.manylinux2014_i686.whl", hash = "sha256:6673ab3fbf3135cc1a8c0f70d480db5b2378c3a70af8d602f73f76b8338bdf97"},
    {url = "https://files.pythonhosted.org/packages/42/83/e43ad2b75ec5798a6292a752576cbbb6cea2a9c93ffe7b620ef81a6fbf20/pymongo-4.2.0-cp310-cp310-manylinux2014_ppc64le.whl", hash = "sha256:314b556afd72eb21a6a10bd1f45ef252509f014f80207db59c97372103c88237"},
    {url = "https://files.pythonhosted.org/packages/48/bf/cb5dec7273ef0c8279608e1b887ec272077d8c478c8bbf09ba29ad1dc81e/pymongo-4.2.0-cp39-cp39-win32.whl", hash = "sha256:a25c0eb2d610b20e276e684be61c337396813b636b69373c17314283cb1a3b14"},
    {url = "https://files.pythonhosted.org/packages/49/04/39af374dea5356233987a284b7bf6dadc009cc88ff4d00909ca20df3c826/pymongo-4.2.0-cp39-cp39-manylinux2014_s390x.whl", hash = "sha256:e7dcb73f683c155885a3488646fcead3a895765fed16e93c9b80000bc69e96cb"},
    {url = "https://files.pythonhosted.org/packages/4d/51/3d1c827a3099dcd942dabf8c289a5ceabc2f166cf5142ec6ac83153f9d07/pymongo-4.2.0-cp310-cp310-macosx_10_15_universal2.whl", hash = "sha256:b9e4981a65f8500a3a46bb3a1e81b9feb45cf0b2115ad9c4f8d517326d026940"},
    {url = "https://files.pythonhosted.org/packages/4e/bb/7583c54689a5c7eac7ee02583ccab639a7171e81b01121bd85679a301383/pymongo-4.2.0-cp38-cp38-manylinux_2_17_x86_64.manylinux2014_x86_64.whl", hash = "sha256:83cc3c35aeeceb67143914db67f685206e1aa37ea837d872f4bc28d7f80917c9"},
    {url = "https://files.pythonhosted.org/packages/59/6c/e77a01538a5177b8cdb940acc81bdde5b86808b06f6efa388ec0dbc49e47/pymongo-4.2.0-cp310-cp310-manylinux_2_5_i686.manylinux1_i686.manylinux_2_17_i686.manylinux2014_i686.whl", hash = "sha256:147a23cd96feb67606ac957744d8d25b013426cdc3c7164a4f99bd8253f649e3"},
    {url = "https://files.pythonhosted.org/packages/59/d7/e2c5fac2ffe8131fa1bde3360b14e6b4c11a0ddecd88a42d6bf78bd18efb/pymongo-4.2.0-cp310-cp310-macosx_10_9_universal2.whl", hash = "sha256:1c81414b706627f15e921e29ae2403aab52e33e36ed92ed989c602888d7c3b90"},
    {url = "https://files.pythonhosted.org/packages/59/e8/8ec3ac2f982fe7f7fda6fe6cf12b4dac2228aacd0d69198a60bb23543a58/pymongo-4.2.0-cp37-cp37m-manylinux_2_5_x86_64.manylinux1_x86_64.whl", hash = "sha256:1a957cdc2b26eeed4d8f1889a40c6023dd1bd94672dd0f5ce327314f2caaefd4"},
    {url = "https://files.pythonhosted.org/packages/5a/54/933d7c9a43e52db718ec51973a772f6752017e2cbd253833eb8c09c111fc/pymongo-4.2.0-cp37-cp37m-manylinux_2_17_s390x.manylinux2014_s390x.whl", hash = "sha256:83168126ae2457d1a19b2af665cafa7ef78c2dcff192d7d7b5dad6b36c73ae24"},
    {url = "https://files.pythonhosted.org/packages/65/50/9c42d2d30d588dd1c3f1fdb88394334319b937405e273d7a71b24de417dc/pymongo-4.2.0-cp37-cp37m-macosx_10_6_intel.whl", hash = "sha256:fe0820d169635e41c14a5d21514282e0b93347878666ec9d5d3bf0eed0649948"},
    {url = "https://files.pythonhosted.org/packages/67/c9/298ceae532a8ecd47b6eec88209546ba8dff3778efd3570f21ae554059c1/pymongo-4.2.0-cp310-cp310-manylinux2014_i686.whl", hash = "sha256:8a86e8c2ac2ec87141e1c6cb00bdb18a4560f06e5f96769abcd1dda24dc0e764"},
    {url = "https://files.pythonhosted.org/packages/69/17/0e5e99205f7c91a48af1830f54cdb1a53cbc405b5dae9bf8bab2188b280b/pymongo-4.2.0-cp38-cp38-manylinux2014_aarch64.whl", hash = "sha256:8cbb868e88c4eee1c53364bb343d226a3c0e959e791e6828030cb78f46cfcbe3"},
    {url = "https://files.pythonhosted.org/packages/6a/21/ef9461def0063d54ec4e0aecc454e8c95befe3f7c5f5fb2e50e8ddbf986d/pymongo-4.2.0-cp38-cp38-manylinux_2_17_aarch64.manylinux2014_aarch64.whl", hash = "sha256:cc7ebc37b03956a070260665079665eae69e5e96007694214f3a2107af96816a"},
    {url = "https://files.pythonhosted.org/packages/6b/bd/c3b27e2ac7f595155beb48a31c92e9dd1c817dfecc2a55fb3ce76ec6a766/pymongo-4.2.0-cp310-cp310-win_amd64.whl", hash = "sha256:8c223aea52c359cc8fdee5bd3475532590755c269ec4d4fe581acd47a44e9952"},
    {url = "https://files.pythonhosted.org/packages/6c/f3/e0e6b7909ed9a52dd11bfd146f79904a38b2bcc1455d6e75694de05ffd87/pymongo-4.2.0-cp38-cp38-manylinux_2_17_ppc64le.manylinux2014_ppc64le.whl", hash = "sha256:c8b4a782aac43948308087b962c9ecb030ba98886ce6dee3ad7aafe8c5e1ce80"},
    {url = "https://files.pythonhosted.org/packages/6e/86/ff52523b0b5e10f34bcf6b7667cc273c48064f2b5d48652e8e4a5a5a8196/pymongo-4.2.0-cp38-cp38-manylinux1_i686.whl", hash = "sha256:e152c26ffc30331e9d57591fc4c05453c209aa20ba299d1deb7173f7d1958c22"},
    {url = "https://files.pythonhosted.org/packages/74/73/430755a09fe29c690bc66c316709583f4a68dd885e76c07fc4b91e3cb44c/pymongo-4.2.0-cp38-cp38-manylinux_2_5_x86_64.manylinux1_x86_64.whl", hash = "sha256:21238b19243a42f9a34a6d39e7580ceebc6da6d2f3cf729c1cff9023cb61a5f1"},
    {url = "https://files.pythonhosted.org/packages/76/ac/010631a31e3099a51b65653196b061c9b6fa537a8cbf4fe3c9997606dc67/pymongo-4.2.0-cp39-cp39-manylinux_2_17_x86_64.manylinux2014_x86_64.whl", hash = "sha256:773467d25c293f8e981b092361dab5fd800e1ba318403b7959d35004c67faedc"},
    {url = "https://files.pythonhosted.org/packages/77/62/e3bc2e9297bc1d1b05393289471777e75be5d65d1ec7a6ebe8462f1f0272/pymongo-4.2.0-cp37-cp37m-manylinux2014_ppc64le.whl", hash = "sha256:b211e161b6cc2790e0d640ad38e0429d06c944e5da23410f4dc61809dba25095"},
    {url = "https://files.pythonhosted.org/packages/7b/1a/85bcfd662d7602133ae13b199df37de6eb5228a8ffb26b3cfe29350fce0d/pymongo-4.2.0-cp310-cp310-manylinux_2_17_aarch64.manylinux2014_aarch64.whl", hash = "sha256:07564178ecc203a84f63e72972691af6c0c82d2dc0c9da66ba711695276089ba"},
    {url = "https://files.pythonhosted.org/packages/7c/d7/909c6124b3ae60571c1f57b7a961bfd4bd5c582c1940ffcddd5a723da0a0/pymongo-4.2.0-cp39-cp39-macosx_10_9_x86_64.whl", hash = "sha256:a6bf01b9237f794fa3bdad5089474067d28be7e199b356a18d3f247a45775f26"},
    {url = "https://files.pythonhosted.org/packages/7c/e9/d82ad51ef3a0c481ed1e0946ef78fc5b475b551fefaf4d6c59f2c027d827/pymongo-4.2.0-cp37-cp37m-manylinux1_i686.whl", hash = "sha256:e39cacee70a98758f9b2da53ee175378f07c60113b1fa4fae40cbaee5583181e"},
    {url = "https://files.pythonhosted.org/packages/85/83/4868c2884d5a75812169300ca5a938d29a3324e112f8e0a988ad7afb66f2/pymongo-4.2.0-cp38-cp38-manylinux2014_x86_64.whl", hash = "sha256:ccfdc7722df445c49dc6b5d514c3544cad99b53189165f7546793933050ac7fb"},
    {url = "https://files.pythonhosted.org/packages/8d/0d/3c8c542b59724c94064ab3092f779ea55c76162a9437069ceb72ed84c5ee/pymongo-4.2.0-cp310-cp310-manylinux_2_17_s390x.manylinux2014_s390x.whl", hash = "sha256:4cadaaa5c19ad23fc84559e90284f2eb003c36958ebb2c06f286b678f441285f"},
    {url = "https://files.pythonhosted.org/packages/9d/8f/154081259fa4b325c4fc619d1245dbf125d4e9186fb0f43beba0512c716e/pymongo-4.2.0-cp37-cp37m-manylinux_2_5_i686.manylinux1_i686.manylinux_2_17_i686.manylinux2014_i686.whl", hash = "sha256:80cbf0b043061451660099fff9001a7faacb2c9c983842b4819526e2f944dc6c"},
    {url = "https://files.pythonhosted.org/packages/b9/11/d2bd15814409ed357b8ec277361e7b703cc4f99351b2ce992975b17fd037/pymongo-4.2.0-cp310-cp310-manylinux_2_17_x86_64.manylinux2014_x86_64.whl", hash = "sha256:d94f535df9f539615bc3dbbef185ded3b609373bb44ca1afffcabac70202678a"},
    {url = "https://files.pythonhosted.org/packages/ba/86/7f1d0fb79a0dcefec013439bfe8051a63991994465421b96b60c17b0db20/pymongo-4.2.0-cp37-cp37m-manylinux_2_17_ppc64le.manylinux2014_ppc64le.whl", hash = "sha256:e64442aba81ed4df1ca494b87bf818569a1280acaa73071c68014f7a884e83f1"},
    {url = "https://files.pythonhosted.org/packages/bb/69/ecefcbbfebd8a4300ce06ad5460fa0c3ac8f499531bc95f3699de4ad3cb6/pymongo-4.2.0-cp310-cp310-manylinux2014_x86_64.whl", hash = "sha256:c69ef5906dcd6ec565d4d887ba97ceb2a84f3b614307ee3b4780cb1ea40b1867"},
    {url = "https://files.pythonhosted.org/packages/c1/50/fdfcd2a206b85df17bce229f5ad1bccfd2e21d6bb3cad333737d4e73da68/pymongo-4.2.0-cp39-cp39-manylinux2014_aarch64.whl", hash = "sha256:a3efdf154844244e0dabe902cf1827fdced55fa5b144adec2a86e5ce50a99b97"},
    {url = "https://files.pythonhosted.org/packages/c4/c5/ff00b494fa8801be0b901d68e2fd0fef124588635ac9e71e7b72c6b39d71/pymongo-4.2.0-cp38-cp38-win32.whl", hash = "sha256:766acb5b1a19eae0f7467bcd3398748f110ea5309cdfc59faa5185dcc7fd4dca"},
    {url = "https://files.pythonhosted.org/packages/c6/a3/d4b6ac97022e8e5c4731564bee3371896e98abea71afc0a18fca02267d95/pymongo-4.2.0-cp39-cp39-manylinux2014_ppc64le.whl", hash = "sha256:b0be613d926c5dbb0d3fc6b58e4f2be4979f80ae76fda6e47309f011b388fe0c"},
    {url = "https://files.pythonhosted.org/packages/ca/f7/9f3e31dd29ae3aabf6c902937c72a028d7dca782a159b4d66fada0ec3b7f/pymongo-4.2.0-cp38-cp38-manylinux_2_17_s390x.manylinux2014_s390x.whl", hash = "sha256:f1c23527f8e13f526fededbb96f2e7888f179fe27c51d41c2724f7059b75b2fa"},
    {url = "https://files.pythonhosted.org/packages/cb/3e/7c0a79b5e0e4fd5680f3c16ffb2cc87bef74ebb94f9ba66a8b54db3d719c/pymongo-4.2.0-cp39-cp39-manylinux1_i686.whl", hash = "sha256:d8bb745321716e7a11220a67c88212ecedde4021e1de4802e563baef9df921d2"},
    {url = "https://files.pythonhosted.org/packages/d3/16/550b5449a5bf8582f38d5c04a6a22cc74882070c9eb25575bd40ca5e882a/pymongo-4.2.0-cp37-cp37m-manylinux2014_i686.whl", hash = "sha256:60c470a58c5b62b1b12a5f5458f8e2f2f67b94e198d03dc5352f854d9230c394"},
    {url = "https://files.pythonhosted.org/packages/d3/2a/40f6c718bf6685500320a9deb2c71e425733f8c47e05f9af552a34434d1b/pymongo-4.2.0-cp38-cp38-manylinux2014_i686.whl", hash = "sha256:2bfe6b59f431f40fa545547616f4acf0c0c4b64518b1f951083e3bad06eb368b"},
    {url = "https://files.pythonhosted.org/packages/d3/74/88068361c14599366cf83da8d09e0d568d1aa0c4ca1e3e84475b367e262f/pymongo-4.2.0-cp39-cp39-manylinux2014_i686.whl", hash = "sha256:a7eb5b06744b911b6668b427c8abc71b6d624e72d3dfffed00988fa1b4340f97"},
    {url = "https://files.pythonhosted.org/packages/dc/f5/5a9c75fe6e0050f4c44afb23fdb67121226130c2cad5c0218bffa166fd97/pymongo-4.2.0-cp37-cp37m-win_amd64.whl", hash = "sha256:dc24737d24ce0de762bee9c2a884639819485f679bbac8ab5be9c161ef6f9b2c"},
    {url = "https://files.pythonhosted.org/packages/de/9c/72c2c48c40c4eb5d914e2b6ba6e53500c17c36752c3957d77a4b9586cd15/pymongo-4.2.0-cp37-cp37m-manylinux_2_17_aarch64.manylinux2014_aarch64.whl", hash = "sha256:764fc15418d94bce5c2f8ebdbf66544f96f42efb1364b61e715e5b33281b388d"},
    {url = "https://files.pythonhosted.org/packages/df/78/53879067fd69e3270e4f34a1dc3a3aa0d88afada5727c76f42d67c91c72d/pymongo-4.2.0-cp38-cp38-manylinux2014_s390x.whl", hash = "sha256:31c50da4a080166bc29403aa91f4c76e0889b4f24928d1b60508a37c1bf87f9a"},
    {url = "https://files.pythonhosted.org/packages/e0/3b/24742b48f6a08466f892043ae44a767b2c8bd0908a20e4e51fa148ad9539/pymongo-4.2.0-cp38-cp38-manylinux2014_ppc64le.whl", hash = "sha256:ff66014687598823b6b23751884b4aa67eb934445406d95894dfc60cb7bfcc18"},
    {url = "https://files.pythonhosted.org/packages/e3/bd/630ff2135f10a2addaf4e3a8261caa740206b7212fe881052b6a3f2cf5c6/pymongo-4.2.0-cp37-cp37m-manylinux2014_s390x.whl", hash = "sha256:ed90a9de4431cbfb2f3b2ef0c5fd356e61c85117b2be4db3eae28cb409f6e2d5"},
    {url = "https://files.pythonhosted.org/packages/ec/50/2607caf93ab34efe2e91c2e408f6383cfc210e5da3915fd6cfe073fef5ae/pymongo-4.2.0-cp37-cp37m-manylinux_2_5_i686.manylinux1_i686.whl", hash = "sha256:e1b8f5e2f9637492b0da4d51f78ecb17786e61d6c461ead8542c944750faf4f9"},
    {url = "https://files.pythonhosted.org/packages/f2/2c/d8f477d24c064b5558c58a220cdfc7a2c5f34ab8138fab92ec20c7ab2cb0/pymongo-4.2.0-cp39-cp39-win_amd64.whl", hash = "sha256:44b36ccb90aac5ea50be23c1a6e8f24fbfc78afabdef114af16c6e0a80981364"},
    {url = "https://files.pythonhosted.org/packages/f6/a6/25bde851510325fe5cd99f917d79bf56d6d5125d79c5c88dd9d3c7c086fb/pymongo-4.2.0-cp38-cp38-manylinux_2_5_i686.manylinux1_i686.manylinux_2_17_i686.manylinux2014_i686.whl", hash = "sha256:e09cdf5aad507c8faa30d97884cc42932ed3a9c2b7f22cc3ccc607bae03981b3"},
    {url = "https://files.pythonhosted.org/packages/f6/ee/e84033e85f282d5992055b3e8ac8a575e87b82ada9df2a288d69d4e04d2f/pymongo-4.2.0-cp310-cp310-manylinux_2_17_ppc64le.manylinux2014_ppc64le.whl", hash = "sha256:f47d5f10922cf7f7dfcd1406bd0926cef6d866a75953c3745502dffd7ac197dd"},
    {url = "https://files.pythonhosted.org/packages/f7/4e/d61fc588b9867a03cf052ccbbde1d65496a551b7cd5157fc5b8899aff4cd/pymongo-4.2.0-cp39-cp39-manylinux2014_x86_64.whl", hash = "sha256:b537dd282de1b53d9ae7cf9f3df36420c8618390f2da92100391f3ba8f3c141a"},
    {url = "https://files.pythonhosted.org/packages/f9/f9/b32092f2128ec395e066b40d45cd2eec09f0795d54edb69b5b73b22fdf05/pymongo-4.2.0-cp37-cp37m-win32.whl", hash = "sha256:6bd5888997ea3eae9830c6cc7964b61dcfbc50eb3a5a6ce56ad5f86d5579b11c"},
    {url = "https://files.pythonhosted.org/packages/fe/b4/43eaf85d01d0e9d7e5e80c71e1aff5f9a8a1ee4ae7c6083e0bf1392cc635/pymongo-4.2.0-cp37-cp37m-manylinux1_x86_64.whl", hash = "sha256:701d331060dae72bf3ebdb82924405d14136a69282ccb00c89fc69dee21340b4"},
    {url = "https://files.pythonhosted.org/packages/fe/ff/38ad4c8dc6f619c8118d4c13f565fd63e02dae4b0929470a3bf52301ed53/pymongo-4.2.0-cp38-cp38-win_amd64.whl", hash = "sha256:10f09c4f09757c2e2a707ad7304f5d69cb8fdf7cbfb644dbacfe5bbe8afe311b"},
]
"quart 0.18.0" = [
    {url = "https://files.pythonhosted.org/packages/01/8a/f2751b4dff6a1f099a33ed93ec95849f4bffb4c855b9b4c9c94d827ee88d/Quart-0.18.0.tar.gz", hash = "sha256:0c2465ef5768890431650636f51fe2cc459de6cf4cf3363870ae2a1f3dba9eb1"},
    {url = "https://files.pythonhosted.org/packages/e2/ef/b66ea886347443067adab9c4e9708d630a0de45dcbd63c6acb6cdf6b7c5e/Quart-0.18.0-py3-none-any.whl", hash = "sha256:5bef6711d25e379ce8a1ed3f7d3ec72eae4159d116e8d480d1cab59c8bb6f44d"},
]
"toml 0.10.2" = [
    {url = "https://files.pythonhosted.org/packages/44/6f/7120676b6d73228c96e17f1f794d8ab046fc910d781c8d151120c3f1569e/toml-0.10.2-py2.py3-none-any.whl", hash = "sha256:806143ae5bfb6a3c6e736a764057db0e6a0e05e338b5630894a5f779cabb4f9b"},
    {url = "https://files.pythonhosted.org/packages/be/ba/1f744cdc819428fc6b5084ec34d9b30660f6f9daaf70eead706e3203ec3c/toml-0.10.2.tar.gz", hash = "sha256:b3bda1d108d5dd99f4a20d24d9c348e91c4db7ab1b749200bded2f839ccbe68f"},
]
"tomli 2.0.1" = [
    {url = "https://files.pythonhosted.org/packages/97/75/10a9ebee3fd790d20926a90a2547f0bf78f371b2f13aa822c759680ca7b9/tomli-2.0.1-py3-none-any.whl", hash = "sha256:939de3e7a6161af0c887ef91b7d41a53e7c5a1ca976325f429cb46ea9bc30ecc"},
    {url = "https://files.pythonhosted.org/packages/c0/3f/d7af728f075fb08564c5949a9c95e44352e23dee646869fa104a3b2060a3/tomli-2.0.1.tar.gz", hash = "sha256:de526c12914f0c550d15924c62d72abc48d6fe7364aa87328337a31007fe8a4f"},
]
"werkzeug 2.2.2" = [
    {url = "https://files.pythonhosted.org/packages/c8/27/be6ddbcf60115305205de79c29004a0c6bc53cec814f733467b1bb89386d/Werkzeug-2.2.2-py3-none-any.whl", hash = "sha256:f979ab81f58d7318e064e99c4506445d60135ac5cd2e177a2de0089bfd4c9bd5"},
    {url = "https://files.pythonhosted.org/packages/f8/c1/1c8e539f040acd80f844c69a5ef8e2fccdf8b442dabb969e497b55d544e1/Werkzeug-2.2.2.tar.gz", hash = "sha256:7ea2d48322cc7c0f8b3a215ed73eabd7b5d75d0b50e31ab006286ccff9e00b8f"},
]
"wsproto 1.2.0" = [
    {url = "https://files.pythonhosted.org/packages/78/58/e860788190eba3bcce367f74d29c4675466ce8dddfba85f7827588416f01/wsproto-1.2.0-py3-none-any.whl", hash = "sha256:b9acddd652b585d75b20477888c56642fdade28bdfd3579aa24a4d2c037dd736"},
    {url = "https://files.pythonhosted.org/packages/c9/4a/44d3c295350d776427904d73c189e10aeae66d7f555bb2feee16d1e4ba5a/wsproto-1.2.0.tar.gz", hash = "sha256:ad565f26ecb92588a3e43bc3d96164de84cd9902482b130d0ddbaa9664a85065"},
]
